// !$*UTF8*$!
{
	archiveVersion = 1;
	classes = {
	};
	objectVersion = 50;
	objects = {

/* Begin PBXBuildFile section */
		5AC6D79925FBC8D4001CE520 /* AppDelegate.swift in Sources */ = {isa = PBXBuildFile; fileRef = 5AC6D79825FBC8D4001CE520 /* AppDelegate.swift */; };
		5AC6D79B25FBC8D4001CE520 /* SceneDelegate.swift in Sources */ = {isa = PBXBuildFile; fileRef = 5AC6D79A25FBC8D4001CE520 /* SceneDelegate.swift */; };
		5AC6D79D25FBC8D4001CE520 /* ViewController.swift in Sources */ = {isa = PBXBuildFile; fileRef = 5AC6D79C25FBC8D4001CE520 /* ViewController.swift */; };
		5AC6D7A025FBC8D4001CE520 /* Main.storyboard in Resources */ = {isa = PBXBuildFile; fileRef = 5AC6D79E25FBC8D4001CE520 /* Main.storyboard */; };
		5AC6D7A225FBC8D6001CE520 /* Assets.xcassets in Resources */ = {isa = PBXBuildFile; fileRef = 5AC6D7A125FBC8D6001CE520 /* Assets.xcassets */; };
		5AC6D7A525FBC8D6001CE520 /* LaunchScreen.storyboard in Resources */ = {isa = PBXBuildFile; fileRef = 5AC6D7A325FBC8D6001CE520 /* LaunchScreen.storyboard */; };
		5AC6D7B025FBC8D6001CE520 /* GroceryListTests.swift in Sources */ = {isa = PBXBuildFile; fileRef = 5AC6D7AF25FBC8D6001CE520 /* GroceryListTests.swift */; };
		5AC6D7BB25FBC8D6001CE520 /* GroceryListUITests.swift in Sources */ = {isa = PBXBuildFile; fileRef = 5AC6D7BA25FBC8D6001CE520 /* GroceryListUITests.swift */; };
/* End PBXBuildFile section */

/* Begin PBXContainerItemProxy section */
		5AC6D7AC25FBC8D6001CE520 /* PBXContainerItemProxy */ = {
			isa = PBXContainerItemProxy;
			containerPortal = 5AC6D78D25FBC8D3001CE520 /* Project object */;
			proxyType = 1;
			remoteGlobalIDString = 5AC6D79425FBC8D3001CE520;
			remoteInfo = GroceryList;
		};
		5AC6D7B725FBC8D6001CE520 /* PBXContainerItemProxy */ = {
			isa = PBXContainerItemProxy;
			containerPortal = 5AC6D78D25FBC8D3001CE520 /* Project object */;
			proxyType = 1;
			remoteGlobalIDString = 5AC6D79425FBC8D3001CE520;
			remoteInfo = GroceryList;
		};
/* End PBXContainerItemProxy section */

/* Begin PBXFileReference section */
		5AC6D79525FBC8D4001CE520 /* GroceryList.app */ = {isa = PBXFileReference; explicitFileType = wrapper.application; includeInIndex = 0; path = GroceryList.app; sourceTree = BUILT_PRODUCTS_DIR; };
		5AC6D79825FBC8D4001CE520 /* AppDelegate.swift */ = {isa = PBXFileReference; lastKnownFileType = sourcecode.swift; path = AppDelegate.swift; sourceTree = "<group>"; };
		5AC6D79A25FBC8D4001CE520 /* SceneDelegate.swift */ = {isa = PBXFileReference; lastKnownFileType = sourcecode.swift; path = SceneDelegate.swift; sourceTree = "<group>"; };
		5AC6D79C25FBC8D4001CE520 /* ViewController.swift */ = {isa = PBXFileReference; lastKnownFileType = sourcecode.swift; path = ViewController.swift; sourceTree = "<group>"; };
		5AC6D79F25FBC8D4001CE520 /* Base */ = {isa = PBXFileReference; lastKnownFileType = file.storyboard; name = Base; path = Base.lproj/Main.storyboard; sourceTree = "<group>"; };
		5AC6D7A125FBC8D6001CE520 /* Assets.xcassets */ = {isa = PBXFileReference; lastKnownFileType = folder.assetcatalog; path = Assets.xcassets; sourceTree = "<group>"; };
		5AC6D7A425FBC8D6001CE520 /* Base */ = {isa = PBXFileReference; lastKnownFileType = file.storyboard; name = Base; path = Base.lproj/LaunchScreen.storyboard; sourceTree = "<group>"; };
		5AC6D7A625FBC8D6001CE520 /* Info.plist */ = {isa = PBXFileReference; lastKnownFileType = text.plist.xml; path = Info.plist; sourceTree = "<group>"; };
		5AC6D7AB25FBC8D6001CE520 /* GroceryListTests.xctest */ = {isa = PBXFileReference; explicitFileType = wrapper.cfbundle; includeInIndex = 0; path = GroceryListTests.xctest; sourceTree = BUILT_PRODUCTS_DIR; };
		5AC6D7AF25FBC8D6001CE520 /* GroceryListTests.swift */ = {isa = PBXFileReference; lastKnownFileType = sourcecode.swift; path = GroceryListTests.swift; sourceTree = "<group>"; };
		5AC6D7B125FBC8D6001CE520 /* Info.plist */ = {isa = PBXFileReference; lastKnownFileType = text.plist.xml; path = Info.plist; sourceTree = "<group>"; };
		5AC6D7B625FBC8D6001CE520 /* GroceryListUITests.xctest */ = {isa = PBXFileReference; explicitFileType = wrapper.cfbundle; includeInIndex = 0; path = GroceryListUITests.xctest; sourceTree = BUILT_PRODUCTS_DIR; };
		5AC6D7BA25FBC8D6001CE520 /* GroceryListUITests.swift */ = {isa = PBXFileReference; lastKnownFileType = sourcecode.swift; path = GroceryListUITests.swift; sourceTree = "<group>"; };
		5AC6D7BC25FBC8D6001CE520 /* Info.plist */ = {isa = PBXFileReference; lastKnownFileType = text.plist.xml; path = Info.plist; sourceTree = "<group>"; };
/* End PBXFileReference section */

/* Begin PBXFrameworksBuildPhase section */
		5AC6D79225FBC8D3001CE520 /* Frameworks */ = {
			isa = PBXFrameworksBuildPhase;
			buildActionMask = 2147483647;
			files = (
			);
			runOnlyForDeploymentPostprocessing = 0;
		};
		5AC6D7A825FBC8D6001CE520 /* Frameworks */ = {
			isa = PBXFrameworksBuildPhase;
			buildActionMask = 2147483647;
			files = (
			);
			runOnlyForDeploymentPostprocessing = 0;
		};
		5AC6D7B325FBC8D6001CE520 /* Frameworks */ = {
			isa = PBXFrameworksBuildPhase;
			buildActionMask = 2147483647;
			files = (
			);
			runOnlyForDeploymentPostprocessing = 0;
		};
/* End PBXFrameworksBuildPhase section */

/* Begin PBXGroup section */
		5AC6D78C25FBC8D3001CE520 = {
			isa = PBXGroup;
			children = (
				5AC6D79725FBC8D4001CE520 /* GroceryList */,
				5AC6D7AE25FBC8D6001CE520 /* GroceryListTests */,
				5AC6D7B925FBC8D6001CE520 /* GroceryListUITests */,
				5AC6D79625FBC8D4001CE520 /* Products */,
			);
			sourceTree = "<group>";
		};
		5AC6D79625FBC8D4001CE520 /* Products */ = {
			isa = PBXGroup;
			children = (
				5AC6D79525FBC8D4001CE520 /* GroceryList.app */,
				5AC6D7AB25FBC8D6001CE520 /* GroceryListTests.xctest */,
				5AC6D7B625FBC8D6001CE520 /* GroceryListUITests.xctest */,
			);
			name = Products;
			sourceTree = "<group>";
		};
		5AC6D79725FBC8D4001CE520 /* GroceryList */ = {
			isa = PBXGroup;
			children = (
				5AC6D79825FBC8D4001CE520 /* AppDelegate.swift */,
				5AC6D79A25FBC8D4001CE520 /* SceneDelegate.swift */,
				5AC6D79C25FBC8D4001CE520 /* ViewController.swift */,
				5AC6D79E25FBC8D4001CE520 /* Main.storyboard */,
				5AC6D7A125FBC8D6001CE520 /* Assets.xcassets */,
				5AC6D7A325FBC8D6001CE520 /* LaunchScreen.storyboard */,
				5AC6D7A625FBC8D6001CE520 /* Info.plist */,
			);
			path = GroceryList;
			sourceTree = "<group>";
		};
		5AC6D7AE25FBC8D6001CE520 /* GroceryListTests */ = {
			isa = PBXGroup;
			children = (
				5AC6D7AF25FBC8D6001CE520 /* GroceryListTests.swift */,
				5AC6D7B125FBC8D6001CE520 /* Info.plist */,
			);
			path = GroceryListTests;
			sourceTree = "<group>";
		};
		5AC6D7B925FBC8D6001CE520 /* GroceryListUITests */ = {
			isa = PBXGroup;
			children = (
				5AC6D7BA25FBC8D6001CE520 /* GroceryListUITests.swift */,
				5AC6D7BC25FBC8D6001CE520 /* Info.plist */,
			);
			path = GroceryListUITests;
			sourceTree = "<group>";
		};
/* End PBXGroup section */

/* Begin PBXNativeTarget section */
		5AC6D79425FBC8D3001CE520 /* GroceryList */ = {
			isa = PBXNativeTarget;
			buildConfigurationList = 5AC6D7BF25FBC8D6001CE520 /* Build configuration list for PBXNativeTarget "GroceryList" */;
			buildPhases = (
				5AC6D79125FBC8D3001CE520 /* Sources */,
				5AC6D79225FBC8D3001CE520 /* Frameworks */,
				5AC6D79325FBC8D3001CE520 /* Resources */,
			);
			buildRules = (
			);
			dependencies = (
			);
			name = GroceryList;
			productName = GroceryList;
			productReference = 5AC6D79525FBC8D4001CE520 /* GroceryList.app */;
			productType = "com.apple.product-type.application";
		};
		5AC6D7AA25FBC8D6001CE520 /* GroceryListTests */ = {
			isa = PBXNativeTarget;
			buildConfigurationList = 5AC6D7C225FBC8D6001CE520 /* Build configuration list for PBXNativeTarget "GroceryListTests" */;
			buildPhases = (
				5AC6D7A725FBC8D6001CE520 /* Sources */,
				5AC6D7A825FBC8D6001CE520 /* Frameworks */,
				5AC6D7A925FBC8D6001CE520 /* Resources */,
			);
			buildRules = (
			);
			dependencies = (
				5AC6D7AD25FBC8D6001CE520 /* PBXTargetDependency */,
			);
			name = GroceryListTests;
			productName = GroceryListTests;
			productReference = 5AC6D7AB25FBC8D6001CE520 /* GroceryListTests.xctest */;
			productType = "com.apple.product-type.bundle.unit-test";
		};
		5AC6D7B525FBC8D6001CE520 /* GroceryListUITests */ = {
			isa = PBXNativeTarget;
			buildConfigurationList = 5AC6D7C525FBC8D6001CE520 /* Build configuration list for PBXNativeTarget "GroceryListUITests" */;
			buildPhases = (
				5AC6D7B225FBC8D6001CE520 /* Sources */,
				5AC6D7B325FBC8D6001CE520 /* Frameworks */,
				5AC6D7B425FBC8D6001CE520 /* Resources */,
			);
			buildRules = (
			);
			dependencies = (
				5AC6D7B825FBC8D6001CE520 /* PBXTargetDependency */,
			);
			name = GroceryListUITests;
			productName = GroceryListUITests;
			productReference = 5AC6D7B625FBC8D6001CE520 /* GroceryListUITests.xctest */;
			productType = "com.apple.product-type.bundle.ui-testing";
		};
/* End PBXNativeTarget section */

/* Begin PBXProject section */
		5AC6D78D25FBC8D3001CE520 /* Project object */ = {
			isa = PBXProject;
			attributes = {
				LastSwiftUpdateCheck = 1240;
				LastUpgradeCheck = 1240;
				TargetAttributes = {
					5AC6D79425FBC8D3001CE520 = {
						CreatedOnToolsVersion = 12.4;
					};
					5AC6D7AA25FBC8D6001CE520 = {
						CreatedOnToolsVersion = 12.4;
						TestTargetID = 5AC6D79425FBC8D3001CE520;
					};
					5AC6D7B525FBC8D6001CE520 = {
						CreatedOnToolsVersion = 12.4;
						TestTargetID = 5AC6D79425FBC8D3001CE520;
					};
				};
			};
			buildConfigurationList = 5AC6D79025FBC8D3001CE520 /* Build configuration list for PBXProject "GroceryList" */;
			compatibilityVersion = "Xcode 9.3";
			developmentRegion = en;
			hasScannedForEncodings = 0;
			knownRegions = (
				en,
				Base,
			);
			mainGroup = 5AC6D78C25FBC8D3001CE520;
			productRefGroup = 5AC6D79625FBC8D4001CE520 /* Products */;
			projectDirPath = "";
			projectRoot = "";
			targets = (
				5AC6D79425FBC8D3001CE520 /* GroceryList */,
				5AC6D7AA25FBC8D6001CE520 /* GroceryListTests */,
				5AC6D7B525FBC8D6001CE520 /* GroceryListUITests */,
			);
		};
/* End PBXProject section */

/* Begin PBXResourcesBuildPhase section */
		5AC6D79325FBC8D3001CE520 /* Resources */ = {
			isa = PBXResourcesBuildPhase;
			buildActionMask = 2147483647;
			files = (
				5AC6D7A525FBC8D6001CE520 /* LaunchScreen.storyboard in Resources */,
				5AC6D7A225FBC8D6001CE520 /* Assets.xcassets in Resources */,
				5AC6D7A025FBC8D4001CE520 /* Main.storyboard in Resources */,
			);
			runOnlyForDeploymentPostprocessing = 0;
		};
		5AC6D7A925FBC8D6001CE520 /* Resources */ = {
			isa = PBXResourcesBuildPhase;
			buildActionMask = 2147483647;
			files = (
			);
			runOnlyForDeploymentPostprocessing = 0;
		};
		5AC6D7B425FBC8D6001CE520 /* Resources */ = {
			isa = PBXResourcesBuildPhase;
			buildActionMask = 2147483647;
			files = (
			);
			runOnlyForDeploymentPostprocessing = 0;
		};
/* End PBXResourcesBuildPhase section */

/* Begin PBXSourcesBuildPhase section */
		5AC6D79125FBC8D3001CE520 /* Sources */ = {
			isa = PBXSourcesBuildPhase;
			buildActionMask = 2147483647;
			files = (
				5AC6D79D25FBC8D4001CE520 /* ViewController.swift in Sources */,
				5AC6D79925FBC8D4001CE520 /* AppDelegate.swift in Sources */,
				5AC6D79B25FBC8D4001CE520 /* SceneDelegate.swift in Sources */,
			);
			runOnlyForDeploymentPostprocessing = 0;
		};
		5AC6D7A725FBC8D6001CE520 /* Sources */ = {
			isa = PBXSourcesBuildPhase;
			buildActionMask = 2147483647;
			files = (
				5AC6D7B025FBC8D6001CE520 /* GroceryListTests.swift in Sources */,
			);
			runOnlyForDeploymentPostprocessing = 0;
		};
		5AC6D7B225FBC8D6001CE520 /* Sources */ = {
			isa = PBXSourcesBuildPhase;
			buildActionMask = 2147483647;
			files = (
				5AC6D7BB25FBC8D6001CE520 /* GroceryListUITests.swift in Sources */,
			);
			runOnlyForDeploymentPostprocessing = 0;
		};
/* End PBXSourcesBuildPhase section */

/* Begin PBXTargetDependency section */
		5AC6D7AD25FBC8D6001CE520 /* PBXTargetDependency */ = {
			isa = PBXTargetDependency;
			target = 5AC6D79425FBC8D3001CE520 /* GroceryList */;
			targetProxy = 5AC6D7AC25FBC8D6001CE520 /* PBXContainerItemProxy */;
		};
		5AC6D7B825FBC8D6001CE520 /* PBXTargetDependency */ = {
			isa = PBXTargetDependency;
			target = 5AC6D79425FBC8D3001CE520 /* GroceryList */;
			targetProxy = 5AC6D7B725FBC8D6001CE520 /* PBXContainerItemProxy */;
		};
/* End PBXTargetDependency section */

/* Begin PBXVariantGroup section */
		5AC6D79E25FBC8D4001CE520 /* Main.storyboard */ = {
			isa = PBXVariantGroup;
			children = (
				5AC6D79F25FBC8D4001CE520 /* Base */,
			);
			name = Main.storyboard;
			sourceTree = "<group>";
		};
		5AC6D7A325FBC8D6001CE520 /* LaunchScreen.storyboard */ = {
			isa = PBXVariantGroup;
			children = (
				5AC6D7A425FBC8D6001CE520 /* Base */,
			);
			name = LaunchScreen.storyboard;
			sourceTree = "<group>";
		};
/* End PBXVariantGroup section */

/* Begin XCBuildConfiguration section */
		5AC6D7BD25FBC8D6001CE520 /* Debug */ = {
			isa = XCBuildConfiguration;
			buildSettings = {
				ALWAYS_SEARCH_USER_PATHS = NO;
				CLANG_ANALYZER_NONNULL = YES;
				CLANG_ANALYZER_NUMBER_OBJECT_CONVERSION = YES_AGGRESSIVE;
				CLANG_CXX_LANGUAGE_STANDARD = "gnu++14";
				CLANG_CXX_LIBRARY = "libc++";
				CLANG_ENABLE_MODULES = YES;
				CLANG_ENABLE_OBJC_ARC = YES;
				CLANG_ENABLE_OBJC_WEAK = YES;
				CLANG_WARN_BLOCK_CAPTURE_AUTORELEASING = YES;
				CLANG_WARN_BOOL_CONVERSION = YES;
				CLANG_WARN_COMMA = YES;
				CLANG_WARN_CONSTANT_CONVERSION = YES;
				CLANG_WARN_DEPRECATED_OBJC_IMPLEMENTATIONS = YES;
				CLANG_WARN_DIRECT_OBJC_ISA_USAGE = YES_ERROR;
				CLANG_WARN_DOCUMENTATION_COMMENTS = YES;
				CLANG_WARN_EMPTY_BODY = YES;
				CLANG_WARN_ENUM_CONVERSION = YES;
				CLANG_WARN_INFINITE_RECURSION = YES;
				CLANG_WARN_INT_CONVERSION = YES;
				CLANG_WARN_NON_LITERAL_NULL_CONVERSION = YES;
				CLANG_WARN_OBJC_IMPLICIT_RETAIN_SELF = YES;
				CLANG_WARN_OBJC_LITERAL_CONVERSION = YES;
				CLANG_WARN_OBJC_ROOT_CLASS = YES_ERROR;
				CLANG_WARN_QUOTED_INCLUDE_IN_FRAMEWORK_HEADER = YES;
				CLANG_WARN_RANGE_LOOP_ANALYSIS = YES;
				CLANG_WARN_STRICT_PROTOTYPES = YES;
				CLANG_WARN_SUSPICIOUS_MOVE = YES;
				CLANG_WARN_UNGUARDED_AVAILABILITY = YES_AGGRESSIVE;
				CLANG_WARN_UNREACHABLE_CODE = YES;
				CLANG_WARN__DUPLICATE_METHOD_MATCH = YES;
				COPY_PHASE_STRIP = NO;
				DEBUG_INFORMATION_FORMAT = dwarf;
				ENABLE_STRICT_OBJC_MSGSEND = YES;
				ENABLE_TESTABILITY = YES;
				GCC_C_LANGUAGE_STANDARD = gnu11;
				GCC_DYNAMIC_NO_PIC = NO;
				GCC_NO_COMMON_BLOCKS = YES;
				GCC_OPTIMIZATION_LEVEL = 0;
				GCC_PREPROCESSOR_DEFINITIONS = (
					"DEBUG=1",
					"$(inherited)",
				);
				GCC_WARN_64_TO_32_BIT_CONVERSION = YES;
				GCC_WARN_ABOUT_RETURN_TYPE = YES_ERROR;
				GCC_WARN_UNDECLARED_SELECTOR = YES;
				GCC_WARN_UNINITIALIZED_AUTOS = YES_AGGRESSIVE;
				GCC_WARN_UNUSED_FUNCTION = YES;
				GCC_WARN_UNUSED_VARIABLE = YES;
				IPHONEOS_DEPLOYMENT_TARGET = 14.4;
				MTL_ENABLE_DEBUG_INFO = INCLUDE_SOURCE;
				MTL_FAST_MATH = YES;
				ONLY_ACTIVE_ARCH = YES;
				SDKROOT = iphoneos;
				SWIFT_ACTIVE_COMPILATION_CONDITIONS = DEBUG;
				SWIFT_OPTIMIZATION_LEVEL = "-Onone";
			};
			name = Debug;
		};
		5AC6D7BE25FBC8D6001CE520 /* Release */ = {
			isa = XCBuildConfiguration;
			buildSettings = {
				ALWAYS_SEARCH_USER_PATHS = NO;
				CLANG_ANALYZER_NONNULL = YES;
				CLANG_ANALYZER_NUMBER_OBJECT_CONVERSION = YES_AGGRESSIVE;
				CLANG_CXX_LANGUAGE_STANDARD = "gnu++14";
				CLANG_CXX_LIBRARY = "libc++";
				CLANG_ENABLE_MODULES = YES;
				CLANG_ENABLE_OBJC_ARC = YES;
				CLANG_ENABLE_OBJC_WEAK = YES;
				CLANG_WARN_BLOCK_CAPTURE_AUTORELEASING = YES;
				CLANG_WARN_BOOL_CONVERSION = YES;
				CLANG_WARN_COMMA = YES;
				CLANG_WARN_CONSTANT_CONVERSION = YES;
				CLANG_WARN_DEPRECATED_OBJC_IMPLEMENTATIONS = YES;
				CLANG_WARN_DIRECT_OBJC_ISA_USAGE = YES_ERROR;
				CLANG_WARN_DOCUMENTATION_COMMENTS = YES;
				CLANG_WARN_EMPTY_BODY = YES;
				CLANG_WARN_ENUM_CONVERSION = YES;
				CLANG_WARN_INFINITE_RECURSION = YES;
				CLANG_WARN_INT_CONVERSION = YES;
				CLANG_WARN_NON_LITERAL_NULL_CONVERSION = YES;
				CLANG_WARN_OBJC_IMPLICIT_RETAIN_SELF = YES;
				CLANG_WARN_OBJC_LITERAL_CONVERSION = YES;
				CLANG_WARN_OBJC_ROOT_CLASS = YES_ERROR;
				CLANG_WARN_QUOTED_INCLUDE_IN_FRAMEWORK_HEADER = YES;
				CLANG_WARN_RANGE_LOOP_ANALYSIS = YES;
				CLANG_WARN_STRICT_PROTOTYPES = YES;
				CLANG_WARN_SUSPICIOUS_MOVE = YES;
				CLANG_WARN_UNGUARDED_AVAILABILITY = YES_AGGRESSIVE;
				CLANG_WARN_UNREACHABLE_CODE = YES;
				CLANG_WARN__DUPLICATE_METHOD_MATCH = YES;
				COPY_PHASE_STRIP = NO;
				DEBUG_INFORMATION_FORMAT = "dwarf-with-dsym";
				ENABLE_NS_ASSERTIONS = NO;
				ENABLE_STRICT_OBJC_MSGSEND = YES;
				GCC_C_LANGUAGE_STANDARD = gnu11;
				GCC_NO_COMMON_BLOCKS = YES;
				GCC_WARN_64_TO_32_BIT_CONVERSION = YES;
				GCC_WARN_ABOUT_RETURN_TYPE = YES_ERROR;
				GCC_WARN_UNDECLARED_SELECTOR = YES;
				GCC_WARN_UNINITIALIZED_AUTOS = YES_AGGRESSIVE;
				GCC_WARN_UNUSED_FUNCTION = YES;
				GCC_WARN_UNUSED_VARIABLE = YES;
				IPHONEOS_DEPLOYMENT_TARGET = 14.4;
				MTL_ENABLE_DEBUG_INFO = NO;
				MTL_FAST_MATH = YES;
				SDKROOT = iphoneos;
				SWIFT_COMPILATION_MODE = wholemodule;
				SWIFT_OPTIMIZATION_LEVEL = "-O";
				VALIDATE_PRODUCT = YES;
			};
			name = Release;
		};
		5AC6D7C025FBC8D6001CE520 /* Debug */ = {
			isa = XCBuildConfiguration;
			buildSettings = {
				ASSETCATALOG_COMPILER_APPICON_NAME = AppIcon;
				ASSETCATALOG_COMPILER_GLOBAL_ACCENT_COLOR_NAME = AccentColor;
				CODE_SIGN_STYLE = Automatic;
				DEVELOPMENT_TEAM = 6CN3C53JBQ;
				INFOPLIST_FILE = GroceryList/Info.plist;
				LD_RUNPATH_SEARCH_PATHS = (
					"$(inherited)",
					"@executable_path/Frameworks",
				);
				PRODUCT_BUNDLE_IDENTIFIER = ugurcandemir.GroceryList;
				PRODUCT_NAME = "$(TARGET_NAME)";
				SWIFT_VERSION = 5.0;
				TARGETED_DEVICE_FAMILY = "1,2";
			};
			name = Debug;
		};
		5AC6D7C125FBC8D6001CE520 /* Release */ = {
			isa = XCBuildConfiguration;
			buildSettings = {
				ASSETCATALOG_COMPILER_APPICON_NAME = AppIcon;
				ASSETCATALOG_COMPILER_GLOBAL_ACCENT_COLOR_NAME = AccentColor;
				CODE_SIGN_STYLE = Automatic;
				DEVELOPMENT_TEAM = 6CN3C53JBQ;
				INFOPLIST_FILE = GroceryList/Info.plist;
				LD_RUNPATH_SEARCH_PATHS = (
					"$(inherited)",
					"@executable_path/Frameworks",
				);
				PRODUCT_BUNDLE_IDENTIFIER = ugurcandemir.GroceryList;
				PRODUCT_NAME = "$(TARGET_NAME)";
				SWIFT_VERSION = 5.0;
				TARGETED_DEVICE_FAMILY = "1,2";
			};
			name = Release;
		};
		5AC6D7C325FBC8D6001CE520 /* Debug */ = {
			isa = XCBuildConfiguration;
			buildSettings = {
				ALWAYS_EMBED_SWIFT_STANDARD_LIBRARIES = YES;
				BUNDLE_LOADER = "$(TEST_HOST)";
				CODE_SIGN_STYLE = Automatic;
				DEVELOPMENT_TEAM = 6CN3C53JBQ;
				INFOPLIST_FILE = GroceryListTests/Info.plist;
				IPHONEOS_DEPLOYMENT_TARGET = 14.4;
				LD_RUNPATH_SEARCH_PATHS = (
					"$(inherited)",
					"@executable_path/Frameworks",
					"@loader_path/Frameworks",
				);
				PRODUCT_BUNDLE_IDENTIFIER = ugurcandemir.GroceryListTests;
				PRODUCT_NAME = "$(TARGET_NAME)";
				SWIFT_VERSION = 5.0;
				TARGETED_DEVICE_FAMILY = "1,2";
				TEST_HOST = "$(BUILT_PRODUCTS_DIR)/GroceryList.app/GroceryList";
			};
			name = Debug;
		};
		5AC6D7C425FBC8D6001CE520 /* Release */ = {
			isa = XCBuildConfiguration;
			buildSettings = {
				ALWAYS_EMBED_SWIFT_STANDARD_LIBRARIES = YES;
				BUNDLE_LOADER = "$(TEST_HOST)";
				CODE_SIGN_STYLE = Automatic;
				DEVELOPMENT_TEAM = 6CN3C53JBQ;
				INFOPLIST_FILE = GroceryListTests/Info.plist;
				IPHONEOS_DEPLOYMENT_TARGET = 14.4;
				LD_RUNPATH_SEARCH_PATHS = (
					"$(inherited)",
					"@executable_path/Frameworks",
					"@loader_path/Frameworks",
				);
				PRODUCT_BUNDLE_IDENTIFIER = ugurcandemir.GroceryListTests;
				PRODUCT_NAME = "$(TARGET_NAME)";
				SWIFT_VERSION = 5.0;
				TARGETED_DEVICE_FAMILY = "1,2";
				TEST_HOST = "$(BUILT_PRODUCTS_DIR)/GroceryList.app/GroceryList";
			};
			name = Release;
		};
		5AC6D7C625FBC8D6001CE520 /* Debug */ = {
			isa = XCBuildConfiguration;
			buildSettings = {
				ALWAYS_EMBED_SWIFT_STANDARD_LIBRARIES = YES;
				CODE_SIGN_STYLE = Automatic;
				DEVELOPMENT_TEAM = 6CN3C53JBQ;
				INFOPLIST_FILE = GroceryListUITests/Info.plist;
				LD_RUNPATH_SEARCH_PATHS = (
					"$(inherited)",
					"@executable_path/Frameworks",
					"@loader_path/Frameworks",
				);
				PRODUCT_BUNDLE_IDENTIFIER = ugurcandemir.GroceryListUITests;
				PRODUCT_NAME = "$(TARGET_NAME)";
				SWIFT_VERSION = 5.0;
				TARGETED_DEVICE_FAMILY = "1,2";
				TEST_TARGET_NAME = GroceryList;
			};
			name = Debug;
		};
		5AC6D7C725FBC8D6001CE520 /* Release */ = {
			isa = XCBuildConfiguration;
			buildSettings = {
				ALWAYS_EMBED_SWIFT_STANDARD_LIBRARIES = YES;
				CODE_SIGN_STYLE = Automatic;
				DEVELOPMENT_TEAM = 6CN3C53JBQ;
				INFOPLIST_FILE = GroceryListUITests/Info.plist;
				LD_RUNPATH_SEARCH_PATHS = (
					"$(inherited)",
					"@executable_path/Frameworks",
					"@loader_path/Frameworks",
				);
				PRODUCT_BUNDLE_IDENTIFIER = ugurcandemir.GroceryListUITests;
				PRODUCT_NAME = "$(TARGET_NAME)";
				SWIFT_VERSION = 5.0;
				TARGETED_DEVICE_FAMILY = "1,2";
				TEST_TARGET_NAME = GroceryList;
			};
			name = Release;
		};
/* End XCBuildConfiguration section */

/* Begin XCConfigurationList section */
		5AC6D79025FBC8D3001CE520 /* Build configuration list for PBXProject "GroceryList" */ = {
			isa = XCConfigurationList;
			buildConfigurations = (
				5AC6D7BD25FBC8D6001CE520 /* Debug */,
				5AC6D7BE25FBC8D6001CE520 /* Release */,
			);
			defaultConfigurationIsVisible = 0;
			defaultConfigurationName = Release;
		};
		5AC6D7BF25FBC8D6001CE520 /* Build configuration list for PBXNativeTarget "GroceryList" */ = {
			isa = XCConfigurationList;
			buildConfigurations = (
				5AC6D7C025FBC8D6001CE520 /* Debug */,
				5AC6D7C125FBC8D6001CE520 /* Release */,
			);
			defaultConfigurationIsVisible = 0;
			defaultConfigurationName = Release;
		};
		5AC6D7C225FBC8D6001CE520 /* Build configuration list for PBXNativeTarget "GroceryListTests" */ = {
			isa = XCConfigurationList;
			buildConfigurations = (
				5AC6D7C325FBC8D6001CE520 /* Debug */,
				5AC6D7C425FBC8D6001CE520 /* Release */,
			);
			defaultConfigurationIsVisible = 0;
			defaultConfigurationName = Release;
		};
		5AC6D7C525FBC8D6001CE520 /* Build configuration list for PBXNativeTarget "GroceryListUITests" */ = {
			isa = XCConfigurationList;
			buildConfigurations = (
				5AC6D7C625FBC8D6001CE520 /* Debug */,
				5AC6D7C725FBC8D6001CE520 /* Release */,
			);
			defaultConfigurationIsVisible = 0;
			defaultConfigurationName = Release;
		};
/* End XCConfigurationList section */
	};
	rootObject = 5AC6D78D25FBC8D3001CE520 /* Project object */;
}
